
Microsoft Visual Studio Solution File, Format Version 12.00
# Visual Studio Version 17
VisualStudioVersion = 17.0.31903.59
MinimumVisualStudioVersion = 10.0.40219.1
Project("{2150E333-8FDC-42A3-9474-1A3956D46DE8}") = "src", "src", "{30A4C8BC-584A-4EA6-A364-B29635963919}"
	ProjectSection(SolutionItems) = preProject
		docker-compose.yml = docker-compose.yml
	EndProjectSection
EndProject
Project("{9A19103F-16F7-4668-BE54-9A1E7A4F7556}") = "AuctionService", "src\AuctionService\AuctionService.csproj", "{56AD63F3-A6C5-4650-99A8-E2F24B1A2BF0}"
EndProject
Project("{FAE04EC0-301F-11D3-BF4B-00C04F79EFBC}") = "SearchService", "src\SearchService\SearchService.csproj", "{37A80B50-12F8-4453-A51F-E5C72AD3EBFE}"
EndProject
Project("{FAE04EC0-301F-11D3-BF4B-00C04F79EFBC}") = "Contracts", "src\Contracts\Contracts.csproj", "{ED52BCE0-D7D6-4A5F-A82B-4EBE24E765DF}"
EndProject
Global
	GlobalSection(SolutionConfigurationPlatforms) = preSolution
		Debug|Any CPU = Debug|Any CPU
		Release|Any CPU = Release|Any CPU
	EndGlobalSection
	GlobalSection(ProjectConfigurationPlatforms) = postSolution
		{56AD63F3-A6C5-4650-99A8-E2F24B1A2BF0}.Debug|Any CPU.ActiveCfg = Debug|Any CPU
		{56AD63F3-A6C5-4650-99A8-E2F24B1A2BF0}.Debug|Any CPU.Build.0 = Debug|Any CPU
		{56AD63F3-A6C5-4650-99A8-E2F24B1A2BF0}.Release|Any CPU.ActiveCfg = Release|Any CPU
		{56AD63F3-A6C5-4650-99A8-E2F24B1A2BF0}.Release|Any CPU.Build.0 = Release|Any CPU
		{37A80B50-12F8-4453-A51F-E5C72AD3EBFE}.Debug|Any CPU.ActiveCfg = Debug|Any CPU
		{37A80B50-12F8-4453-A51F-E5C72AD3EBFE}.Debug|Any CPU.Build.0 = Debug|Any CPU
		{37A80B50-12F8-4453-A51F-E5C72AD3EBFE}.Release|Any CPU.ActiveCfg = Release|Any CPU
		{37A80B50-12F8-4453-A51F-E5C72AD3EBFE}.Release|Any CPU.Build.0 = Release|Any CPU
		{ED52BCE0-D7D6-4A5F-A82B-4EBE24E765DF}.Debug|Any CPU.ActiveCfg = Debug|Any CPU
		{ED52BCE0-D7D6-4A5F-A82B-4EBE24E765DF}.Debug|Any CPU.Build.0 = Debug|Any CPU
		{ED52BCE0-D7D6-4A5F-A82B-4EBE24E765DF}.Release|Any CPU.ActiveCfg = Release|Any CPU
		{ED52BCE0-D7D6-4A5F-A82B-4EBE24E765DF}.Release|Any CPU.Build.0 = Release|Any CPU
	EndGlobalSection
	GlobalSection(SolutionProperties) = preSolution
		HideSolutionNode = FALSE
	EndGlobalSection
	GlobalSection(NestedProjects) = preSolution
		{56AD63F3-A6C5-4650-99A8-E2F24B1A2BF0} = {30A4C8BC-584A-4EA6-A364-B29635963919}
		{37A80B50-12F8-4453-A51F-E5C72AD3EBFE} = {30A4C8BC-584A-4EA6-A364-B29635963919}
		{ED52BCE0-D7D6-4A5F-A82B-4EBE24E765DF} = {30A4C8BC-584A-4EA6-A364-B29635963919}
	EndGlobalSection
	GlobalSection(ExtensibilityGlobals) = postSolution
		SolutionGuid = {476DB7FD-D974-4BDA-B3CB-54F792DB2B5A}
	EndGlobalSection
EndGlobal
